
Microsoft Visual Studio Solution File, Format Version 12.00
# Visual Studio Version 17
VisualStudioVersion = 17.1.32228.430
MinimumVisualStudioVersion = 10.0.40219.1
Project("{FAE04EC0-301F-11D3-BF4B-00C04F79EFBC}") = "WebApi", "WebApi\WebApi.csproj", "{982B4A2C-9180-4595-A368-F1A90D35ADDF}"
EndProject
Global
	GlobalSection(SolutionConfigurationPlatforms) = preSolution
		Debug|Any CPU = Debug|Any CPU
		Release|Any CPU = Release|Any CPU
	EndGlobalSection
	GlobalSection(ProjectConfigurationPlatforms) = postSolution
		{982B4A2C-9180-4595-A368-F1A90D35ADDF}.Debug|Any CPU.ActiveCfg = Debug|Any CPU
		{982B4A2C-9180-4595-A368-F1A90D35ADDF}.Debug|Any CPU.Build.0 = Debug|Any CPU
		{982B4A2C-9180-4595-A368-F1A90D35ADDF}.Release|Any CPU.ActiveCfg = Release|Any CPU
		{982B4A2C-9180-4595-A368-F1A90D35ADDF}.Release|Any CPU.Build.0 = Release|Any CPU
	EndGlobalSection
	GlobalSection(SolutionProperties) = preSolution
		HideSolutionNode = FALSE
	EndGlobalSection
	GlobalSection(ExtensibilityGlobals) = postSolution
		SolutionGuid = {F8273BCE-DB06-41E7-939D-0706E52435A6}
	EndGlobalSection
EndGlobal
